# This file was autogenerated by Stack.
# You should not edit this file by hand.
# For more information, please see the documentation at:
#   https://docs.haskellstack.org/en/stable/lock_files

packages: []
snapshots:
- completed:
    size: 530597
    url: https://raw.githubusercontent.com/commercialhaskell/stackage-snapshots/master/nightly/2020/6/4.yaml
    sha256: 168a4f1145426385eff74df682f69eb33d43512b0a8912b6e55edf43ed94efad
  original: nightly-2020-06-04
