# This file was autogenerated by Stack.
# You should not edit this file by hand.
# For more information, please see the documentation at:
#   https://docs.haskellstack.org/en/stable/lock_files

packages: []
snapshots:
- completed:
    size: 512725
    url: https://raw.githubusercontent.com/commercialhaskell/stackage-snapshots/master/nightly/2019/6/6.yaml
    sha256: 952bbbb8296014121aa1c043a8f5f3fa77557867953f845aa4589f46ceeeab44
  original: nightly-2019-06-06
